
Microsoft Visual Studio Solution File, Format Version 12.00
# Visual Studio Version 17
VisualStudioVersion = 17.13.35931.197 d17.13
MinimumVisualStudioVersion = 10.0.40219.1
Project("{FAE04EC0-301F-11D3-BF4B-00C04F79EFBC}") = "FractionCalculator", "FractionCalculator.csproj", "{08F9C729-5BC0-42ED-8AF0-F19E8EAD71D6}"
EndProject
Global
	GlobalSection(SolutionConfigurationPlatforms) = preSolution
		Debug|Any CPU = Debug|Any CPU
		Release|Any CPU = Release|Any CPU
	EndGlobalSection
	GlobalSection(ProjectConfigurationPlatforms) = postSolution
		{08F9C729-5BC0-42ED-8AF0-F19E8EAD71D6}.Debug|Any CPU.ActiveCfg = Debug|Any CPU
		{08F9C729-5BC0-42ED-8AF0-F19E8EAD71D6}.Debug|Any CPU.Build.0 = Debug|Any CPU
		{08F9C729-5BC0-42ED-8AF0-F19E8EAD71D6}.Release|Any CPU.ActiveCfg = Release|Any CPU
		{08F9C729-5BC0-42ED-8AF0-F19E8EAD71D6}.Release|Any CPU.Build.0 = Release|Any CPU
	EndGlobalSection
	GlobalSection(SolutionProperties) = preSolution
		HideSolutionNode = FALSE
	EndGlobalSection
	GlobalSection(ExtensibilityGlobals) = postSolution
		SolutionGuid = {350FDF4C-4B4D-4242-BFA9-6B4A663B9F13}
	EndGlobalSection
EndGlobal
